
Microsoft Visual Studio Solution File, Format Version 12.00
# Visual Studio 15
VisualStudioVersion = 15.0.28307.779
MinimumVisualStudioVersion = 10.0.40219.1
Project("{FAE04EC0-301F-11D3-BF4B-00C04F79EFBC}") = "PersonalPortfolioMVC", "PersonalPortfolioMVC\PersonalPortfolioMVC.csproj", "{D4856D74-72A8-424F-8403-8966BF9C2F52}"
EndProject
Global
	GlobalSection(SolutionConfigurationPlatforms) = preSolution
		Debug|Any CPU = Debug|Any CPU
		Release|Any CPU = Release|Any CPU
	EndGlobalSection
	GlobalSection(ProjectConfigurationPlatforms) = postSolution
		{D4856D74-72A8-424F-8403-8966BF9C2F52}.Debug|Any CPU.ActiveCfg = Debug|Any CPU
		{D4856D74-72A8-424F-8403-8966BF9C2F52}.Debug|Any CPU.Build.0 = Debug|Any CPU
		{D4856D74-72A8-424F-8403-8966BF9C2F52}.Release|Any CPU.ActiveCfg = Release|Any CPU
		{D4856D74-72A8-424F-8403-8966BF9C2F52}.Release|Any CPU.Build.0 = Release|Any CPU
	EndGlobalSection
	GlobalSection(SolutionProperties) = preSolution
		HideSolutionNode = FALSE
	EndGlobalSection
	GlobalSection(ExtensibilityGlobals) = postSolution
		SolutionGuid = {EB91410A-71A6-44F6-B42E-CD82FFC19067}
	EndGlobalSection
EndGlobal
